
Microsoft Visual Studio Solution File, Format Version 12.00
# Visual Studio 2013
VisualStudioVersion = 12.0.21005.1
MinimumVisualStudioVersion = 10.0.40219.1
Project("{FAE04EC0-301F-11D3-BF4B-00C04F79EFBC}") = "BLLayer", "BLLayer\BLLayer.csproj", "{E72D7B2F-DFD7-4B87-B714-65A8F1F1D9EC}"
EndProject
Project("{FAE04EC0-301F-11D3-BF4B-00C04F79EFBC}") = "DALLayer", "DALLayer\DALLayer.csproj", "{B654AE61-7514-431E-BD01-C587F0D65F9A}"
EndProject
Project("{FAE04EC0-301F-11D3-BF4B-00C04F79EFBC}") = "UILayer", "UILayer\UILayer.csproj", "{5D1E9C9F-656E-45A3-8D22-7C0895FC568B}"
EndProject
Global
	GlobalSection(SolutionConfigurationPlatforms) = preSolution
		Debug|Any CPU = Debug|Any CPU
		Release|Any CPU = Release|Any CPU
	EndGlobalSection
	GlobalSection(ProjectConfigurationPlatforms) = postSolution
		{E72D7B2F-DFD7-4B87-B714-65A8F1F1D9EC}.Debug|Any CPU.ActiveCfg = Debug|Any CPU
		{E72D7B2F-DFD7-4B87-B714-65A8F1F1D9EC}.Debug|Any CPU.Build.0 = Debug|Any CPU
		{E72D7B2F-DFD7-4B87-B714-65A8F1F1D9EC}.Release|Any CPU.ActiveCfg = Release|Any CPU
		{E72D7B2F-DFD7-4B87-B714-65A8F1F1D9EC}.Release|Any CPU.Build.0 = Release|Any CPU
		{B654AE61-7514-431E-BD01-C587F0D65F9A}.Debug|Any CPU.ActiveCfg = Debug|Any CPU
		{B654AE61-7514-431E-BD01-C587F0D65F9A}.Debug|Any CPU.Build.0 = Debug|Any CPU
		{B654AE61-7514-431E-BD01-C587F0D65F9A}.Release|Any CPU.ActiveCfg = Release|Any CPU
		{B654AE61-7514-431E-BD01-C587F0D65F9A}.Release|Any CPU.Build.0 = Release|Any CPU
		{5D1E9C9F-656E-45A3-8D22-7C0895FC568B}.Debug|Any CPU.ActiveCfg = Debug|Any CPU
		{5D1E9C9F-656E-45A3-8D22-7C0895FC568B}.Debug|Any CPU.Build.0 = Debug|Any CPU
		{5D1E9C9F-656E-45A3-8D22-7C0895FC568B}.Release|Any CPU.ActiveCfg = Release|Any CPU
		{5D1E9C9F-656E-45A3-8D22-7C0895FC568B}.Release|Any CPU.Build.0 = Release|Any CPU
	EndGlobalSection
	GlobalSection(SolutionProperties) = preSolution
		HideSolutionNode = FALSE
	EndGlobalSection
EndGlobal
